
Microsoft Visual Studio Solution File, Format Version 12.00
# Visual Studio 15
VisualStudioVersion = 15.0.28307.271
MinimumVisualStudioVersion = 10.0.40219.1
Project("{9A19103F-16F7-4668-BE54-9A1E7A4F7556}") = "TRACIE-API-IE", "TRACIE-API-IE.csproj", "{B8B9B196-ADCE-4123-B92B-88A49E50D434}"
EndProject
Global
	GlobalSection(SolutionConfigurationPlatforms) = preSolution
		Debug|Any CPU = Debug|Any CPU
		Release|Any CPU = Release|Any CPU
	EndGlobalSection
	GlobalSection(ProjectConfigurationPlatforms) = postSolution
		{B8B9B196-ADCE-4123-B92B-88A49E50D434}.Debug|Any CPU.ActiveCfg = Debug|Any CPU
		{B8B9B196-ADCE-4123-B92B-88A49E50D434}.Debug|Any CPU.Build.0 = Debug|Any CPU
		{B8B9B196-ADCE-4123-B92B-88A49E50D434}.Release|Any CPU.ActiveCfg = Release|Any CPU
		{B8B9B196-ADCE-4123-B92B-88A49E50D434}.Release|Any CPU.Build.0 = Release|Any CPU
	EndGlobalSection
	GlobalSection(SolutionProperties) = preSolution
		HideSolutionNode = FALSE
	EndGlobalSection
	GlobalSection(ExtensibilityGlobals) = postSolution
		SolutionGuid = {8BDD385E-756F-4401-87E3-D4F06E378DD3}
	EndGlobalSection
EndGlobal
